
Microsoft Visual Studio Solution File, Format Version 12.00
# Visual Studio Version 17
VisualStudioVersion = 17.4.33103.184
MinimumVisualStudioVersion = 10.0.40219.1
Project("{FAE04EC0-301F-11D3-BF4B-00C04F79EFBC}") = "KonsolProje_G221210039_DilaraÇetin", "KonsolProje_G221210039_DilaraÇetin\KonsolProje_G221210039_DilaraÇetin.csproj", "{3219BED4-BDA7-4C6B-97F5-F27092610442}"
EndProject
Global
	GlobalSection(SolutionConfigurationPlatforms) = preSolution
		Debug|Any CPU = Debug|Any CPU
		Release|Any CPU = Release|Any CPU
	EndGlobalSection
	GlobalSection(ProjectConfigurationPlatforms) = postSolution
		{3219BED4-BDA7-4C6B-97F5-F27092610442}.Debug|Any CPU.ActiveCfg = Debug|Any CPU
		{3219BED4-BDA7-4C6B-97F5-F27092610442}.Debug|Any CPU.Build.0 = Debug|Any CPU
		{3219BED4-BDA7-4C6B-97F5-F27092610442}.Release|Any CPU.ActiveCfg = Release|Any CPU
		{3219BED4-BDA7-4C6B-97F5-F27092610442}.Release|Any CPU.Build.0 = Release|Any CPU
	EndGlobalSection
	GlobalSection(SolutionProperties) = preSolution
		HideSolutionNode = FALSE
	EndGlobalSection
	GlobalSection(ExtensibilityGlobals) = postSolution
		SolutionGuid = {C01B07CA-2CB6-4F3C-94F8-183477F01E44}
	EndGlobalSection
EndGlobal
